// !$*UTF8*$!
{
	archiveVersion = 1;
	classes = {
	};
	objectVersion = 55;
	objects = {

/* Begin PBXBuildFile section */
		BF27EDFE291CAA620062F250 /* LaunchScreen.storyboard in Resources */ = {isa = PBXBuildFile; fileRef = BF27EDFD291CAA620062F250 /* LaunchScreen.storyboard */; };
		BF27EE00291CAA6D0062F250 /* Main.storyboard in Resources */ = {isa = PBXBuildFile; fileRef = BF27EDFF291CAA6D0062F250 /* Main.storyboard */; };
		BF27EE02291CAB0B0062F250 /* API.swift in Sources */ = {isa = PBXBuildFile; fileRef = BF27EE01291CAB0B0062F250 /* API.swift */; };
		BF27EE16291CAB820062F250 /* Alamofire in Frameworks */ = {isa = PBXBuildFile; productRef = BF27EE15291CAB820062F250 /* Alamofire */; };
		BF27EE19291CABBD0062F250 /* RxBlocking in Frameworks */ = {isa = PBXBuildFile; productRef = BF27EE18291CABBD0062F250 /* RxBlocking */; };
		BF27EE1B291CABBE0062F250 /* RxCocoa in Frameworks */ = {isa = PBXBuildFile; productRef = BF27EE1A291CABBE0062F250 /* RxCocoa */; };
		BF27EE1D291CABBE0062F250 /* RxRelay in Frameworks */ = {isa = PBXBuildFile; productRef = BF27EE1C291CABBE0062F250 /* RxRelay */; };
		BF27EE1F291CABBE0062F250 /* RxSwift in Frameworks */ = {isa = PBXBuildFile; productRef = BF27EE1E291CABBE0062F250 /* RxSwift */; };
		BF27EE21291CAC3C0062F250 /* APIRouter.swift in Sources */ = {isa = PBXBuildFile; fileRef = BF27EE20291CAC3C0062F250 /* APIRouter.swift */; };
		BF27EE23291CAC710062F250 /* NetworkError.swift in Sources */ = {isa = PBXBuildFile; fileRef = BF27EE22291CAC710062F250 /* NetworkError.swift */; };
		BF27EE26291CACD90062F250 /* String+Extension.swift in Sources */ = {isa = PBXBuildFile; fileRef = BF27EE25291CACD90062F250 /* String+Extension.swift */; };
		BF8D2C86291C937D00CE8D1B /* AppDelegate.swift in Sources */ = {isa = PBXBuildFile; fileRef = BF8D2C85291C937D00CE8D1B /* AppDelegate.swift */; };
		BF8D2C88291C937D00CE8D1B /* SceneDelegate.swift in Sources */ = {isa = PBXBuildFile; fileRef = BF8D2C87291C937D00CE8D1B /* SceneDelegate.swift */; };
		BF8D2C8A291C937D00CE8D1B /* MainViewController.swift in Sources */ = {isa = PBXBuildFile; fileRef = BF8D2C89291C937D00CE8D1B /* MainViewController.swift */; };
		BF8D2C90291C937D00CE8D1B /* star_wars_planets_ios.xcdatamodeld in Sources */ = {isa = PBXBuildFile; fileRef = BF8D2C8E291C937D00CE8D1B /* star_wars_planets_ios.xcdatamodeld */; };
		BF8D2C92291C937E00CE8D1B /* Assets.xcassets in Resources */ = {isa = PBXBuildFile; fileRef = BF8D2C91291C937E00CE8D1B /* Assets.xcassets */; };
		BF8D2CA0291C937F00CE8D1B /* star_wars_planets_iosTests.swift in Sources */ = {isa = PBXBuildFile; fileRef = BF8D2C9F291C937F00CE8D1B /* star_wars_planets_iosTests.swift */; };
		BF8D2CAA291C937F00CE8D1B /* star_wars_planets_iosUITests.swift in Sources */ = {isa = PBXBuildFile; fileRef = BF8D2CA9291C937F00CE8D1B /* star_wars_planets_iosUITests.swift */; };
		BF8D2CAC291C937F00CE8D1B /* star_wars_planets_iosUITestsLaunchTests.swift in Sources */ = {isa = PBXBuildFile; fileRef = BF8D2CAB291C937F00CE8D1B /* star_wars_planets_iosUITestsLaunchTests.swift */; };
		BFBBC561291D557100B27AA8 /* PlanetTableViewCell.swift in Sources */ = {isa = PBXBuildFile; fileRef = BFBBC55F291D557100B27AA8 /* PlanetTableViewCell.swift */; };
		BFBBC562291D557100B27AA8 /* PlanetTableViewCell.xib in Resources */ = {isa = PBXBuildFile; fileRef = BFBBC560291D557100B27AA8 /* PlanetTableViewCell.xib */; };
		BFBBC564291D568C00B27AA8 /* MainViewModel.swift in Sources */ = {isa = PBXBuildFile; fileRef = BFBBC563291D568C00B27AA8 /* MainViewModel.swift */; };
		BFBBC566291D577900B27AA8 /* Reachability.swift in Sources */ = {isa = PBXBuildFile; fileRef = BFBBC565291D577900B27AA8 /* Reachability.swift */; };
		BFBBC569291D57D300B27AA8 /* NetworkManager.swift in Sources */ = {isa = PBXBuildFile; fileRef = BFBBC568291D57D300B27AA8 /* NetworkManager.swift */; };
		BFBBC56B291D57F400B27AA8 /* NetworkLogger.swift in Sources */ = {isa = PBXBuildFile; fileRef = BFBBC56A291D57F400B27AA8 /* NetworkLogger.swift */; };
		BFBBC56E291D585D00B27AA8 /* AppError.swift in Sources */ = {isa = PBXBuildFile; fileRef = BFBBC56D291D585D00B27AA8 /* AppError.swift */; };
		BFBBC572291D599500B27AA8 /* PlanetsAPI.swift in Sources */ = {isa = PBXBuildFile; fileRef = BFBBC571291D599500B27AA8 /* PlanetsAPI.swift */; };
		BFBBC574291D5AAC00B27AA8 /* App.swift in Sources */ = {isa = PBXBuildFile; fileRef = BFBBC573291D5AAC00B27AA8 /* App.swift */; };
		BFBBC576291D5F6400B27AA8 /* ErrorHelper.swift in Sources */ = {isa = PBXBuildFile; fileRef = BFBBC575291D5F6400B27AA8 /* ErrorHelper.swift */; };
		BFBBC578291D5FFB00B27AA8 /* APIError.swift in Sources */ = {isa = PBXBuildFile; fileRef = BFBBC577291D5FFB00B27AA8 /* APIError.swift */; };
		BFBBC57A291D68E900B27AA8 /* PaginatedResult.swift in Sources */ = {isa = PBXBuildFile; fileRef = BFBBC579291D68E900B27AA8 /* PaginatedResult.swift */; };
		BFBBC57C291D6BC100B27AA8 /* Planet.swift in Sources */ = {isa = PBXBuildFile; fileRef = BFBBC57B291D6BC100B27AA8 /* Planet.swift */; };
		BFBBC57E291D6FB500B27AA8 /* AlertController.swift in Sources */ = {isa = PBXBuildFile; fileRef = BFBBC57D291D6FB500B27AA8 /* AlertController.swift */; };
		BFBBC584291D966800B27AA8 /* PlanetDetail.storyboard in Resources */ = {isa = PBXBuildFile; fileRef = BFBBC583291D966800B27AA8 /* PlanetDetail.storyboard */; };
		BFBBC586291D96A200B27AA8 /* PlanetDetailViewController.swift in Sources */ = {isa = PBXBuildFile; fileRef = BFBBC585291D96A200B27AA8 /* PlanetDetailViewController.swift */; };
		BFBBC588291DE73F00B27AA8 /* PlanetDetailViewModel.swift in Sources */ = {isa = PBXBuildFile; fileRef = BFBBC587291DE73F00B27AA8 /* PlanetDetailViewModel.swift */; };
		BFD49E50291C97E700380DCC /* Localizable.strings in Resources */ = {isa = PBXBuildFile; fileRef = BFD49E4F291C97E700380DCC /* Localizable.strings */; };
/* End PBXBuildFile section */

/* Begin PBXContainerItemProxy section */
		BF8D2C9C291C937F00CE8D1B /* PBXContainerItemProxy */ = {
			isa = PBXContainerItemProxy;
			containerPortal = BF8D2C7A291C937D00CE8D1B /* Project object */;
			proxyType = 1;
			remoteGlobalIDString = BF8D2C81291C937D00CE8D1B;
			remoteInfo = "star-wars-planets-ios";
		};
		BF8D2CA6291C937F00CE8D1B /* PBXContainerItemProxy */ = {
			isa = PBXContainerItemProxy;
			containerPortal = BF8D2C7A291C937D00CE8D1B /* Project object */;
			proxyType = 1;
			remoteGlobalIDString = BF8D2C81291C937D00CE8D1B;
			remoteInfo = "star-wars-planets-ios";
		};
/* End PBXContainerItemProxy section */

/* Begin PBXFileReference section */
		BF27EDFD291CAA620062F250 /* LaunchScreen.storyboard */ = {isa = PBXFileReference; fileEncoding = 4; lastKnownFileType = file.storyboard; path = LaunchScreen.storyboard; sourceTree = "<group>"; };
		BF27EDFF291CAA6D0062F250 /* Main.storyboard */ = {isa = PBXFileReference; fileEncoding = 4; lastKnownFileType = file.storyboard; path = Main.storyboard; sourceTree = "<group>"; };
		BF27EE01291CAB0B0062F250 /* API.swift */ = {isa = PBXFileReference; lastKnownFileType = sourcecode.swift; path = API.swift; sourceTree = "<group>"; };
		BF27EE20291CAC3C0062F250 /* APIRouter.swift */ = {isa = PBXFileReference; lastKnownFileType = sourcecode.swift; path = APIRouter.swift; sourceTree = "<group>"; };
		BF27EE22291CAC710062F250 /* NetworkError.swift */ = {isa = PBXFileReference; lastKnownFileType = sourcecode.swift; path = NetworkError.swift; sourceTree = "<group>"; };
		BF27EE25291CACD90062F250 /* String+Extension.swift */ = {isa = PBXFileReference; lastKnownFileType = sourcecode.swift; path = "String+Extension.swift"; sourceTree = "<group>"; };
		BF8D2C82291C937D00CE8D1B /* star-wars-planets-ios.app */ = {isa = PBXFileReference; explicitFileType = wrapper.application; includeInIndex = 0; path = "star-wars-planets-ios.app"; sourceTree = BUILT_PRODUCTS_DIR; };
		BF8D2C85291C937D00CE8D1B /* AppDelegate.swift */ = {isa = PBXFileReference; lastKnownFileType = sourcecode.swift; path = AppDelegate.swift; sourceTree = "<group>"; };
		BF8D2C87291C937D00CE8D1B /* SceneDelegate.swift */ = {isa = PBXFileReference; lastKnownFileType = sourcecode.swift; path = SceneDelegate.swift; sourceTree = "<group>"; };
		BF8D2C89291C937D00CE8D1B /* MainViewController.swift */ = {isa = PBXFileReference; lastKnownFileType = sourcecode.swift; path = MainViewController.swift; sourceTree = "<group>"; };
		BF8D2C8F291C937D00CE8D1B /* star_wars_planets_ios.xcdatamodel */ = {isa = PBXFileReference; lastKnownFileType = wrapper.xcdatamodel; path = star_wars_planets_ios.xcdatamodel; sourceTree = "<group>"; };
		BF8D2C91291C937E00CE8D1B /* Assets.xcassets */ = {isa = PBXFileReference; lastKnownFileType = folder.assetcatalog; path = Assets.xcassets; sourceTree = "<group>"; };
		BF8D2C96291C937E00CE8D1B /* Info.plist */ = {isa = PBXFileReference; lastKnownFileType = text.plist.xml; path = Info.plist; sourceTree = "<group>"; };
		BF8D2C9B291C937F00CE8D1B /* star-wars-planets-iosTests.xctest */ = {isa = PBXFileReference; explicitFileType = wrapper.cfbundle; includeInIndex = 0; path = "star-wars-planets-iosTests.xctest"; sourceTree = BUILT_PRODUCTS_DIR; };
		BF8D2C9F291C937F00CE8D1B /* star_wars_planets_iosTests.swift */ = {isa = PBXFileReference; lastKnownFileType = sourcecode.swift; path = star_wars_planets_iosTests.swift; sourceTree = "<group>"; };
		BF8D2CA5291C937F00CE8D1B /* star-wars-planets-iosUITests.xctest */ = {isa = PBXFileReference; explicitFileType = wrapper.cfbundle; includeInIndex = 0; path = "star-wars-planets-iosUITests.xctest"; sourceTree = BUILT_PRODUCTS_DIR; };
		BF8D2CA9291C937F00CE8D1B /* star_wars_planets_iosUITests.swift */ = {isa = PBXFileReference; lastKnownFileType = sourcecode.swift; path = star_wars_planets_iosUITests.swift; sourceTree = "<group>"; };
		BF8D2CAB291C937F00CE8D1B /* star_wars_planets_iosUITestsLaunchTests.swift */ = {isa = PBXFileReference; lastKnownFileType = sourcecode.swift; path = star_wars_planets_iosUITestsLaunchTests.swift; sourceTree = "<group>"; };
		BFBBC55F291D557100B27AA8 /* PlanetTableViewCell.swift */ = {isa = PBXFileReference; lastKnownFileType = sourcecode.swift; path = PlanetTableViewCell.swift; sourceTree = "<group>"; };
		BFBBC560291D557100B27AA8 /* PlanetTableViewCell.xib */ = {isa = PBXFileReference; lastKnownFileType = file.xib; path = PlanetTableViewCell.xib; sourceTree = "<group>"; };
		BFBBC563291D568C00B27AA8 /* MainViewModel.swift */ = {isa = PBXFileReference; lastKnownFileType = sourcecode.swift; path = MainViewModel.swift; sourceTree = "<group>"; };
		BFBBC565291D577900B27AA8 /* Reachability.swift */ = {isa = PBXFileReference; lastKnownFileType = sourcecode.swift; path = Reachability.swift; sourceTree = "<group>"; };
		BFBBC568291D57D300B27AA8 /* NetworkManager.swift */ = {isa = PBXFileReference; lastKnownFileType = sourcecode.swift; path = NetworkManager.swift; sourceTree = "<group>"; };
		BFBBC56A291D57F400B27AA8 /* NetworkLogger.swift */ = {isa = PBXFileReference; lastKnownFileType = sourcecode.swift; path = NetworkLogger.swift; sourceTree = "<group>"; };
		BFBBC56D291D585D00B27AA8 /* AppError.swift */ = {isa = PBXFileReference; lastKnownFileType = sourcecode.swift; path = AppError.swift; sourceTree = "<group>"; };
		BFBBC571291D599500B27AA8 /* PlanetsAPI.swift */ = {isa = PBXFileReference; lastKnownFileType = sourcecode.swift; path = PlanetsAPI.swift; sourceTree = "<group>"; };
		BFBBC573291D5AAC00B27AA8 /* App.swift */ = {isa = PBXFileReference; lastKnownFileType = sourcecode.swift; path = App.swift; sourceTree = "<group>"; };
		BFBBC575291D5F6400B27AA8 /* ErrorHelper.swift */ = {isa = PBXFileReference; lastKnownFileType = sourcecode.swift; path = ErrorHelper.swift; sourceTree = "<group>"; };
		BFBBC577291D5FFB00B27AA8 /* APIError.swift */ = {isa = PBXFileReference; lastKnownFileType = sourcecode.swift; path = APIError.swift; sourceTree = "<group>"; };
		BFBBC579291D68E900B27AA8 /* PaginatedResult.swift */ = {isa = PBXFileReference; lastKnownFileType = sourcecode.swift; path = PaginatedResult.swift; sourceTree = "<group>"; };
		BFBBC57B291D6BC100B27AA8 /* Planet.swift */ = {isa = PBXFileReference; lastKnownFileType = sourcecode.swift; path = Planet.swift; sourceTree = "<group>"; };
		BFBBC57D291D6FB500B27AA8 /* AlertController.swift */ = {isa = PBXFileReference; lastKnownFileType = sourcecode.swift; path = AlertController.swift; sourceTree = "<group>"; };
		BFBBC583291D966800B27AA8 /* PlanetDetail.storyboard */ = {isa = PBXFileReference; fileEncoding = 4; lastKnownFileType = file.storyboard; name = PlanetDetail.storyboard; path = "star-wars-planets-ios/Screens/PlanetDetail/PlanetDetail.storyboard"; sourceTree = SOURCE_ROOT; };
		BFBBC585291D96A200B27AA8 /* PlanetDetailViewController.swift */ = {isa = PBXFileReference; lastKnownFileType = sourcecode.swift; path = PlanetDetailViewController.swift; sourceTree = "<group>"; };
		BFBBC587291DE73F00B27AA8 /* PlanetDetailViewModel.swift */ = {isa = PBXFileReference; lastKnownFileType = sourcecode.swift; path = PlanetDetailViewModel.swift; sourceTree = "<group>"; };
		BFD49E4F291C97E700380DCC /* Localizable.strings */ = {isa = PBXFileReference; lastKnownFileType = text.plist.strings; path = Localizable.strings; sourceTree = "<group>"; };
/* End PBXFileReference section */

/* Begin PBXFrameworksBuildPhase section */
		BF8D2C7F291C937D00CE8D1B /* Frameworks */ = {
			isa = PBXFrameworksBuildPhase;
			buildActionMask = 2147483647;
			files = (
				BF27EE1B291CABBE0062F250 /* RxCocoa in Frameworks */,
				BF27EE16291CAB820062F250 /* Alamofire in Frameworks */,
				BF27EE1F291CABBE0062F250 /* RxSwift in Frameworks */,
				BF27EE1D291CABBE0062F250 /* RxRelay in Frameworks */,
				BF27EE19291CABBD0062F250 /* RxBlocking in Frameworks */,
			);
			runOnlyForDeploymentPostprocessing = 0;
		};
		BF8D2C98291C937F00CE8D1B /* Frameworks */ = {
			isa = PBXFrameworksBuildPhase;
			buildActionMask = 2147483647;
			files = (
			);
			runOnlyForDeploymentPostprocessing = 0;
		};
		BF8D2CA2291C937F00CE8D1B /* Frameworks */ = {
			isa = PBXFrameworksBuildPhase;
			buildActionMask = 2147483647;
			files = (
			);
			runOnlyForDeploymentPostprocessing = 0;
		};
/* End PBXFrameworksBuildPhase section */

/* Begin PBXGroup section */
		BF27EE24291CACAB0062F250 /* Extensions */ = {
			isa = PBXGroup;
			children = (
				BF27EE25291CACD90062F250 /* String+Extension.swift */,
			);
			path = Extensions;
			sourceTree = "<group>";
		};
		BF8D2C79291C937D00CE8D1B = {
			isa = PBXGroup;
			children = (
				BF8D2C84291C937D00CE8D1B /* star-wars-planets-ios */,
				BF8D2C9E291C937F00CE8D1B /* star-wars-planets-iosTests */,
				BF8D2CA8291C937F00CE8D1B /* star-wars-planets-iosUITests */,
				BF8D2C83291C937D00CE8D1B /* Products */,
			);
			sourceTree = "<group>";
		};
		BF8D2C83291C937D00CE8D1B /* Products */ = {
			isa = PBXGroup;
			children = (
				BF8D2C82291C937D00CE8D1B /* star-wars-planets-ios.app */,
				BF8D2C9B291C937F00CE8D1B /* star-wars-planets-iosTests.xctest */,
				BF8D2CA5291C937F00CE8D1B /* star-wars-planets-iosUITests.xctest */,
			);
			name = Products;
			sourceTree = "<group>";
		};
		BF8D2C84291C937D00CE8D1B /* star-wars-planets-ios */ = {
			isa = PBXGroup;
			children = (
				BFD49E55291C99D600380DCC /* Utils */,
				BFD49E54291C99C800380DCC /* Network */,
				BFD49E53291C99BC00380DCC /* Models */,
				BFD49E52291C99AB00380DCC /* Components */,
				BFD49E4B291C97A200380DCC /* Resources */,
				BFD49E4A291C976B00380DCC /* Screens */,
			);
			path = "star-wars-planets-ios";
			sourceTree = "<group>";
		};
		BF8D2C9E291C937F00CE8D1B /* star-wars-planets-iosTests */ = {
			isa = PBXGroup;
			children = (
				BF8D2C9F291C937F00CE8D1B /* star_wars_planets_iosTests.swift */,
			);
			path = "star-wars-planets-iosTests";
			sourceTree = "<group>";
		};
		BF8D2CA8291C937F00CE8D1B /* star-wars-planets-iosUITests */ = {
			isa = PBXGroup;
			children = (
				BF8D2CA9291C937F00CE8D1B /* star_wars_planets_iosUITests.swift */,
				BF8D2CAB291C937F00CE8D1B /* star_wars_planets_iosUITestsLaunchTests.swift */,
			);
			path = "star-wars-planets-iosUITests";
			sourceTree = "<group>";
		};
		BFBBC55D291D552300B27AA8 /* Cells */ = {
			isa = PBXGroup;
			children = (
				BFBBC55E291D553000B27AA8 /* PlanetTableViewCell */,
			);
			path = Cells;
			sourceTree = "<group>";
		};
		BFBBC55E291D553000B27AA8 /* PlanetTableViewCell */ = {
			isa = PBXGroup;
			children = (
				BFBBC55F291D557100B27AA8 /* PlanetTableViewCell.swift */,
				BFBBC560291D557100B27AA8 /* PlanetTableViewCell.xib */,
			);
			path = PlanetTableViewCell;
			sourceTree = "<group>";
		};
		BFBBC56C291D584A00B27AA8 /* App */ = {
			isa = PBXGroup;
			children = (
				BFBBC56D291D585D00B27AA8 /* AppError.swift */,
			);
			path = App;
			sourceTree = "<group>";
		};
		BFBBC56F291D587100B27AA8 /* API */ = {
			isa = PBXGroup;
			children = (
				BFBBC577291D5FFB00B27AA8 /* APIError.swift */,
				BFBBC579291D68E900B27AA8 /* PaginatedResult.swift */,
				BFBBC57B291D6BC100B27AA8 /* Planet.swift */,
			);
			path = API;
			sourceTree = "<group>";
		};
		BFBBC570291D589400B27AA8 /* API */ = {
			isa = PBXGroup;
			children = (
				BFBBC571291D599500B27AA8 /* PlanetsAPI.swift */,
			);
			path = API;
			sourceTree = "<group>";
		};
		BFBBC582291D963900B27AA8 /* PlanetDetail */ = {
			isa = PBXGroup;
			children = (
				BFBBC583291D966800B27AA8 /* PlanetDetail.storyboard */,
				BFBBC585291D96A200B27AA8 /* PlanetDetailViewController.swift */,
				BFBBC587291DE73F00B27AA8 /* PlanetDetailViewModel.swift */,
			);
			path = PlanetDetail;
			sourceTree = "<group>";
		};
		BFD49E4A291C976B00380DCC /* Screens */ = {
			isa = PBXGroup;
			children = (
				BFD49E51291C981100380DCC /* Main */,
				BFBBC582291D963900B27AA8 /* PlanetDetail */,
				BF27EDFD291CAA620062F250 /* LaunchScreen.storyboard */,
			);
			path = Screens;
			sourceTree = "<group>";
		};
		BFD49E4B291C97A200380DCC /* Resources */ = {
			isa = PBXGroup;
			children = (
				BFD49E4C291C97B200380DCC /* Localization */,
				BF8D2C8E291C937D00CE8D1B /* star_wars_planets_ios.xcdatamodeld */,
				BF8D2C96291C937E00CE8D1B /* Info.plist */,
				BF8D2C91291C937E00CE8D1B /* Assets.xcassets */,
				BF8D2C85291C937D00CE8D1B /* AppDelegate.swift */,
				BF8D2C87291C937D00CE8D1B /* SceneDelegate.swift */,
				BFBBC573291D5AAC00B27AA8 /* App.swift */,
			);
			path = Resources;
			sourceTree = "<group>";
		};
		BFD49E4C291C97B200380DCC /* Localization */ = {
			isa = PBXGroup;
			children = (
				BFD49E4F291C97E700380DCC /* Localizable.strings */,
			);
			path = Localization;
			sourceTree = "<group>";
		};
		BFD49E51291C981100380DCC /* Main */ = {
			isa = PBXGroup;
			children = (
				BF27EDFF291CAA6D0062F250 /* Main.storyboard */,
				BF8D2C89291C937D00CE8D1B /* MainViewController.swift */,
				BFBBC563291D568C00B27AA8 /* MainViewModel.swift */,
			);
			path = Main;
			sourceTree = "<group>";
		};
		BFD49E52291C99AB00380DCC /* Components */ = {
			isa = PBXGroup;
			children = (
				BFBBC55D291D552300B27AA8 /* Cells */,
			);
			path = Components;
			sourceTree = "<group>";
		};
		BFD49E53291C99BC00380DCC /* Models */ = {
			isa = PBXGroup;
			children = (
				BFBBC56F291D587100B27AA8 /* API */,
				BFBBC56C291D584A00B27AA8 /* App */,
			);
			path = Models;
			sourceTree = "<group>";
		};
		BFD49E54291C99C800380DCC /* Network */ = {
			isa = PBXGroup;
			children = (
				BFBBC570291D589400B27AA8 /* API */,
				BF27EE01291CAB0B0062F250 /* API.swift */,
				BF27EE20291CAC3C0062F250 /* APIRouter.swift */,
				BF27EE22291CAC710062F250 /* NetworkError.swift */,
				BFBBC565291D577900B27AA8 /* Reachability.swift */,
				BFBBC568291D57D300B27AA8 /* NetworkManager.swift */,
				BFBBC56A291D57F400B27AA8 /* NetworkLogger.swift */,
			);
			path = Network;
			sourceTree = "<group>";
		};
		BFD49E55291C99D600380DCC /* Utils */ = {
			isa = PBXGroup;
			children = (
				BF27EE24291CACAB0062F250 /* Extensions */,
				BFBBC575291D5F6400B27AA8 /* ErrorHelper.swift */,
				BFBBC57D291D6FB500B27AA8 /* AlertController.swift */,
			);
			path = Utils;
			sourceTree = "<group>";
		};
/* End PBXGroup section */

/* Begin PBXNativeTarget section */
		BF8D2C81291C937D00CE8D1B /* star-wars-planets-ios */ = {
			isa = PBXNativeTarget;
			buildConfigurationList = BF8D2CAF291C937F00CE8D1B /* Build configuration list for PBXNativeTarget "star-wars-planets-ios" */;
			buildPhases = (
				BF8D2C7E291C937D00CE8D1B /* Sources */,
				BF8D2C7F291C937D00CE8D1B /* Frameworks */,
				BF8D2C80291C937D00CE8D1B /* Resources */,
			);
			buildRules = (
			);
			dependencies = (
			);
			name = "star-wars-planets-ios";
			packageProductDependencies = (
				BF27EE15291CAB820062F250 /* Alamofire */,
				BF27EE18291CABBD0062F250 /* RxBlocking */,
				BF27EE1A291CABBE0062F250 /* RxCocoa */,
				BF27EE1C291CABBE0062F250 /* RxRelay */,
				BF27EE1E291CABBE0062F250 /* RxSwift */,
			);
			productName = "star-wars-planets-ios";
			productReference = BF8D2C82291C937D00CE8D1B /* star-wars-planets-ios.app */;
			productType = "com.apple.product-type.application";
		};
		BF8D2C9A291C937F00CE8D1B /* star-wars-planets-iosTests */ = {
			isa = PBXNativeTarget;
			buildConfigurationList = BF8D2CB2291C937F00CE8D1B /* Build configuration list for PBXNativeTarget "star-wars-planets-iosTests" */;
			buildPhases = (
				BF8D2C97291C937F00CE8D1B /* Sources */,
				BF8D2C98291C937F00CE8D1B /* Frameworks */,
				BF8D2C99291C937F00CE8D1B /* Resources */,
			);
			buildRules = (
			);
			dependencies = (
				BF8D2C9D291C937F00CE8D1B /* PBXTargetDependency */,
			);
			name = "star-wars-planets-iosTests";
			productName = "star-wars-planets-iosTests";
			productReference = BF8D2C9B291C937F00CE8D1B /* star-wars-planets-iosTests.xctest */;
			productType = "com.apple.product-type.bundle.unit-test";
		};
		BF8D2CA4291C937F00CE8D1B /* star-wars-planets-iosUITests */ = {
			isa = PBXNativeTarget;
			buildConfigurationList = BF8D2CB5291C937F00CE8D1B /* Build configuration list for PBXNativeTarget "star-wars-planets-iosUITests" */;
			buildPhases = (
				BF8D2CA1291C937F00CE8D1B /* Sources */,
				BF8D2CA2291C937F00CE8D1B /* Frameworks */,
				BF8D2CA3291C937F00CE8D1B /* Resources */,
			);
			buildRules = (
			);
			dependencies = (
				BF8D2CA7291C937F00CE8D1B /* PBXTargetDependency */,
			);
			name = "star-wars-planets-iosUITests";
			productName = "star-wars-planets-iosUITests";
			productReference = BF8D2CA5291C937F00CE8D1B /* star-wars-planets-iosUITests.xctest */;
			productType = "com.apple.product-type.bundle.ui-testing";
		};
/* End PBXNativeTarget section */

/* Begin PBXProject section */
		BF8D2C7A291C937D00CE8D1B /* Project object */ = {
			isa = PBXProject;
			attributes = {
				BuildIndependentTargetsInParallel = 1;
				LastSwiftUpdateCheck = 1340;
				LastUpgradeCheck = 1340;
				TargetAttributes = {
					BF8D2C81291C937D00CE8D1B = {
						CreatedOnToolsVersion = 13.4.1;
					};
					BF8D2C9A291C937F00CE8D1B = {
						CreatedOnToolsVersion = 13.4.1;
						TestTargetID = BF8D2C81291C937D00CE8D1B;
					};
					BF8D2CA4291C937F00CE8D1B = {
						CreatedOnToolsVersion = 13.4.1;
						TestTargetID = BF8D2C81291C937D00CE8D1B;
					};
				};
			};
			buildConfigurationList = BF8D2C7D291C937D00CE8D1B /* Build configuration list for PBXProject "star-wars-planets-ios" */;
			compatibilityVersion = "Xcode 13.0";
			developmentRegion = en;
			hasScannedForEncodings = 0;
			knownRegions = (
				en,
				Base,
			);
			mainGroup = BF8D2C79291C937D00CE8D1B;
			packageReferences = (
				BF27EE14291CAB820062F250 /* XCRemoteSwiftPackageReference "Alamofire" */,
				BF27EE17291CABBD0062F250 /* XCRemoteSwiftPackageReference "RxSwift" */,
			);
			productRefGroup = BF8D2C83291C937D00CE8D1B /* Products */;
			projectDirPath = "";
			projectRoot = "";
			targets = (
				BF8D2C81291C937D00CE8D1B /* star-wars-planets-ios */,
				BF8D2C9A291C937F00CE8D1B /* star-wars-planets-iosTests */,
				BF8D2CA4291C937F00CE8D1B /* star-wars-planets-iosUITests */,
			);
		};
/* End PBXProject section */

/* Begin PBXResourcesBuildPhase section */
		BF8D2C80291C937D00CE8D1B /* Resources */ = {
			isa = PBXResourcesBuildPhase;
			buildActionMask = 2147483647;
			files = (
				BFBBC562291D557100B27AA8 /* PlanetTableViewCell.xib in Resources */,
				BFD49E50291C97E700380DCC /* Localizable.strings in Resources */,
				BF27EDFE291CAA620062F250 /* LaunchScreen.storyboard in Resources */,
				BFBBC584291D966800B27AA8 /* PlanetDetail.storyboard in Resources */,
				BF8D2C92291C937E00CE8D1B /* Assets.xcassets in Resources */,
				BF27EE00291CAA6D0062F250 /* Main.storyboard in Resources */,
			);
			runOnlyForDeploymentPostprocessing = 0;
		};
		BF8D2C99291C937F00CE8D1B /* Resources */ = {
			isa = PBXResourcesBuildPhase;
			buildActionMask = 2147483647;
			files = (
			);
			runOnlyForDeploymentPostprocessing = 0;
		};
		BF8D2CA3291C937F00CE8D1B /* Resources */ = {
			isa = PBXResourcesBuildPhase;
			buildActionMask = 2147483647;
			files = (
			);
			runOnlyForDeploymentPostprocessing = 0;
		};
/* End PBXResourcesBuildPhase section */

/* Begin PBXSourcesBuildPhase section */
		BF8D2C7E291C937D00CE8D1B /* Sources */ = {
			isa = PBXSourcesBuildPhase;
			buildActionMask = 2147483647;
			files = (
				BFBBC569291D57D300B27AA8 /* NetworkManager.swift in Sources */,
				BF27EE26291CACD90062F250 /* String+Extension.swift in Sources */,
				BF8D2C90291C937D00CE8D1B /* star_wars_planets_ios.xcdatamodeld in Sources */,
				BFBBC572291D599500B27AA8 /* PlanetsAPI.swift in Sources */,
				BFBBC586291D96A200B27AA8 /* PlanetDetailViewController.swift in Sources */,
				BFBBC57E291D6FB500B27AA8 /* AlertController.swift in Sources */,
				BFBBC561291D557100B27AA8 /* PlanetTableViewCell.swift in Sources */,
				BFBBC574291D5AAC00B27AA8 /* App.swift in Sources */,
				BF27EE23291CAC710062F250 /* NetworkError.swift in Sources */,
				BFBBC56B291D57F400B27AA8 /* NetworkLogger.swift in Sources */,
				BFBBC57A291D68E900B27AA8 /* PaginatedResult.swift in Sources */,
				BFBBC576291D5F6400B27AA8 /* ErrorHelper.swift in Sources */,
				BFBBC56E291D585D00B27AA8 /* AppError.swift in Sources */,
				BF27EE21291CAC3C0062F250 /* APIRouter.swift in Sources */,
				BFBBC564291D568C00B27AA8 /* MainViewModel.swift in Sources */,
				BF8D2C8A291C937D00CE8D1B /* MainViewController.swift in Sources */,
				BFBBC566291D577900B27AA8 /* Reachability.swift in Sources */,
				BF8D2C86291C937D00CE8D1B /* AppDelegate.swift in Sources */,
				BFBBC588291DE73F00B27AA8 /* PlanetDetailViewModel.swift in Sources */,
				BF8D2C88291C937D00CE8D1B /* SceneDelegate.swift in Sources */,
				BF27EE02291CAB0B0062F250 /* API.swift in Sources */,
				BFBBC578291D5FFB00B27AA8 /* APIError.swift in Sources */,
				BFBBC57C291D6BC100B27AA8 /* Planet.swift in Sources */,
			);
			runOnlyForDeploymentPostprocessing = 0;
		};
		BF8D2C97291C937F00CE8D1B /* Sources */ = {
			isa = PBXSourcesBuildPhase;
			buildActionMask = 2147483647;
			files = (
				BF8D2CA0291C937F00CE8D1B /* star_wars_planets_iosTests.swift in Sources */,
			);
			runOnlyForDeploymentPostprocessing = 0;
		};
		BF8D2CA1291C937F00CE8D1B /* Sources */ = {
			isa = PBXSourcesBuildPhase;
			buildActionMask = 2147483647;
			files = (
				BF8D2CAA291C937F00CE8D1B /* star_wars_planets_iosUITests.swift in Sources */,
				BF8D2CAC291C937F00CE8D1B /* star_wars_planets_iosUITestsLaunchTests.swift in Sources */,
			);
			runOnlyForDeploymentPostprocessing = 0;
		};
/* End PBXSourcesBuildPhase section */

/* Begin PBXTargetDependency section */
		BF8D2C9D291C937F00CE8D1B /* PBXTargetDependency */ = {
			isa = PBXTargetDependency;
			target = BF8D2C81291C937D00CE8D1B /* star-wars-planets-ios */;
			targetProxy = BF8D2C9C291C937F00CE8D1B /* PBXContainerItemProxy */;
		};
		BF8D2CA7291C937F00CE8D1B /* PBXTargetDependency */ = {
			isa = PBXTargetDependency;
			target = BF8D2C81291C937D00CE8D1B /* star-wars-planets-ios */;
			targetProxy = BF8D2CA6291C937F00CE8D1B /* PBXContainerItemProxy */;
		};
/* End PBXTargetDependency section */

/* Begin XCBuildConfiguration section */
		BF8D2CAD291C937F00CE8D1B /* Debug */ = {
			isa = XCBuildConfiguration;
			buildSettings = {
				ALWAYS_SEARCH_USER_PATHS = NO;
				CLANG_ANALYZER_NONNULL = YES;
				CLANG_ANALYZER_NUMBER_OBJECT_CONVERSION = YES_AGGRESSIVE;
				CLANG_CXX_LANGUAGE_STANDARD = "gnu++17";
				CLANG_ENABLE_MODULES = YES;
				CLANG_ENABLE_OBJC_ARC = YES;
				CLANG_ENABLE_OBJC_WEAK = YES;
				CLANG_WARN_BLOCK_CAPTURE_AUTORELEASING = YES;
				CLANG_WARN_BOOL_CONVERSION = YES;
				CLANG_WARN_COMMA = YES;
				CLANG_WARN_CONSTANT_CONVERSION = YES;
				CLANG_WARN_DEPRECATED_OBJC_IMPLEMENTATIONS = YES;
				CLANG_WARN_DIRECT_OBJC_ISA_USAGE = YES_ERROR;
				CLANG_WARN_DOCUMENTATION_COMMENTS = YES;
				CLANG_WARN_EMPTY_BODY = YES;
				CLANG_WARN_ENUM_CONVERSION = YES;
				CLANG_WARN_INFINITE_RECURSION = YES;
				CLANG_WARN_INT_CONVERSION = YES;
				CLANG_WARN_NON_LITERAL_NULL_CONVERSION = YES;
				CLANG_WARN_OBJC_IMPLICIT_RETAIN_SELF = YES;
				CLANG_WARN_OBJC_LITERAL_CONVERSION = YES;
				CLANG_WARN_OBJC_ROOT_CLASS = YES_ERROR;
				CLANG_WARN_QUOTED_INCLUDE_IN_FRAMEWORK_HEADER = YES;
				CLANG_WARN_RANGE_LOOP_ANALYSIS = YES;
				CLANG_WARN_STRICT_PROTOTYPES = YES;
				CLANG_WARN_SUSPICIOUS_MOVE = YES;
				CLANG_WARN_UNGUARDED_AVAILABILITY = YES_AGGRESSIVE;
				CLANG_WARN_UNREACHABLE_CODE = YES;
				CLANG_WARN__DUPLICATE_METHOD_MATCH = YES;
				COPY_PHASE_STRIP = NO;
				DEBUG_INFORMATION_FORMAT = dwarf;
				ENABLE_STRICT_OBJC_MSGSEND = YES;
				ENABLE_TESTABILITY = YES;
				GCC_C_LANGUAGE_STANDARD = gnu11;
				GCC_DYNAMIC_NO_PIC = NO;
				GCC_NO_COMMON_BLOCKS = YES;
				GCC_OPTIMIZATION_LEVEL = 0;
				GCC_PREPROCESSOR_DEFINITIONS = (
					"DEBUG=1",
					"$(inherited)",
				);
				GCC_WARN_64_TO_32_BIT_CONVERSION = YES;
				GCC_WARN_ABOUT_RETURN_TYPE = YES_ERROR;
				GCC_WARN_UNDECLARED_SELECTOR = YES;
				GCC_WARN_UNINITIALIZED_AUTOS = YES_AGGRESSIVE;
				GCC_WARN_UNUSED_FUNCTION = YES;
				GCC_WARN_UNUSED_VARIABLE = YES;
				IPHONEOS_DEPLOYMENT_TARGET = 15.5;
				MTL_ENABLE_DEBUG_INFO = INCLUDE_SOURCE;
				MTL_FAST_MATH = YES;
				ONLY_ACTIVE_ARCH = YES;
				SDKROOT = iphoneos;
				SWIFT_ACTIVE_COMPILATION_CONDITIONS = DEBUG;
				SWIFT_OPTIMIZATION_LEVEL = "-Onone";
			};
			name = Debug;
		};
		BF8D2CAE291C937F00CE8D1B /* Release */ = {
			isa = XCBuildConfiguration;
			buildSettings = {
				ALWAYS_SEARCH_USER_PATHS = NO;
				CLANG_ANALYZER_NONNULL = YES;
				CLANG_ANALYZER_NUMBER_OBJECT_CONVERSION = YES_AGGRESSIVE;
				CLANG_CXX_LANGUAGE_STANDARD = "gnu++17";
				CLANG_ENABLE_MODULES = YES;
				CLANG_ENABLE_OBJC_ARC = YES;
				CLANG_ENABLE_OBJC_WEAK = YES;
				CLANG_WARN_BLOCK_CAPTURE_AUTORELEASING = YES;
				CLANG_WARN_BOOL_CONVERSION = YES;
				CLANG_WARN_COMMA = YES;
				CLANG_WARN_CONSTANT_CONVERSION = YES;
				CLANG_WARN_DEPRECATED_OBJC_IMPLEMENTATIONS = YES;
				CLANG_WARN_DIRECT_OBJC_ISA_USAGE = YES_ERROR;
				CLANG_WARN_DOCUMENTATION_COMMENTS = YES;
				CLANG_WARN_EMPTY_BODY = YES;
				CLANG_WARN_ENUM_CONVERSION = YES;
				CLANG_WARN_INFINITE_RECURSION = YES;
				CLANG_WARN_INT_CONVERSION = YES;
				CLANG_WARN_NON_LITERAL_NULL_CONVERSION = YES;
				CLANG_WARN_OBJC_IMPLICIT_RETAIN_SELF = YES;
				CLANG_WARN_OBJC_LITERAL_CONVERSION = YES;
				CLANG_WARN_OBJC_ROOT_CLASS = YES_ERROR;
				CLANG_WARN_QUOTED_INCLUDE_IN_FRAMEWORK_HEADER = YES;
				CLANG_WARN_RANGE_LOOP_ANALYSIS = YES;
				CLANG_WARN_STRICT_PROTOTYPES = YES;
				CLANG_WARN_SUSPICIOUS_MOVE = YES;
				CLANG_WARN_UNGUARDED_AVAILABILITY = YES_AGGRESSIVE;
				CLANG_WARN_UNREACHABLE_CODE = YES;
				CLANG_WARN__DUPLICATE_METHOD_MATCH = YES;
				COPY_PHASE_STRIP = NO;
				DEBUG_INFORMATION_FORMAT = "dwarf-with-dsym";
				ENABLE_NS_ASSERTIONS = NO;
				ENABLE_STRICT_OBJC_MSGSEND = YES;
				GCC_C_LANGUAGE_STANDARD = gnu11;
				GCC_NO_COMMON_BLOCKS = YES;
				GCC_WARN_64_TO_32_BIT_CONVERSION = YES;
				GCC_WARN_ABOUT_RETURN_TYPE = YES_ERROR;
				GCC_WARN_UNDECLARED_SELECTOR = YES;
				GCC_WARN_UNINITIALIZED_AUTOS = YES_AGGRESSIVE;
				GCC_WARN_UNUSED_FUNCTION = YES;
				GCC_WARN_UNUSED_VARIABLE = YES;
				IPHONEOS_DEPLOYMENT_TARGET = 15.5;
				MTL_ENABLE_DEBUG_INFO = NO;
				MTL_FAST_MATH = YES;
				SDKROOT = iphoneos;
				SWIFT_COMPILATION_MODE = wholemodule;
				SWIFT_OPTIMIZATION_LEVEL = "-O";
				VALIDATE_PRODUCT = YES;
			};
			name = Release;
		};
		BF8D2CB0291C937F00CE8D1B /* Debug */ = {
			isa = XCBuildConfiguration;
			buildSettings = {
				ASSETCATALOG_COMPILER_APPICON_NAME = AppIcon;
				ASSETCATALOG_COMPILER_GLOBAL_ACCENT_COLOR_NAME = AccentColor;
				CODE_SIGN_STYLE = Automatic;
				CURRENT_PROJECT_VERSION = 1;
				DEVELOPMENT_TEAM = 4K9P34469L;
				GENERATE_INFOPLIST_FILE = YES;
				INFOPLIST_FILE = "star-wars-planets-ios/Resources/Info.plist";
				INFOPLIST_KEY_UIApplicationSupportsIndirectInputEvents = YES;
				INFOPLIST_KEY_UILaunchStoryboardName = LaunchScreen;
				INFOPLIST_KEY_UIMainStoryboardFile = Main;
				INFOPLIST_KEY_UISupportedInterfaceOrientations_iPad = "UIInterfaceOrientationPortrait UIInterfaceOrientationPortraitUpsideDown UIInterfaceOrientationLandscapeLeft UIInterfaceOrientationLandscapeRight";
				INFOPLIST_KEY_UISupportedInterfaceOrientations_iPhone = "UIInterfaceOrientationPortrait UIInterfaceOrientationLandscapeLeft UIInterfaceOrientationLandscapeRight";
				LD_RUNPATH_SEARCH_PATHS = (
					"$(inherited)",
					"@executable_path/Frameworks",
				);
				MARKETING_VERSION = 1.0;
				PRODUCT_BUNDLE_IDENTIFIER = "com.sachithamh.star-wars-planets-ios";
				PRODUCT_NAME = "$(TARGET_NAME)";
				SERVER_URL = "https://swapi.dev/api/";
				SWIFT_EMIT_LOC_STRINGS = YES;
				SWIFT_VERSION = 5.0;
				TARGETED_DEVICE_FAMILY = "1,2";
			};
			name = Debug;
		};
		BF8D2CB1291C937F00CE8D1B /* Release */ = {
			isa = XCBuildConfiguration;
			buildSettings = {
				ASSETCATALOG_COMPILER_APPICON_NAME = AppIcon;
				ASSETCATALOG_COMPILER_GLOBAL_ACCENT_COLOR_NAME = AccentColor;
				CODE_SIGN_STYLE = Automatic;
				CURRENT_PROJECT_VERSION = 1;
				DEVELOPMENT_TEAM = 4K9P34469L;
				GENERATE_INFOPLIST_FILE = YES;
				INFOPLIST_FILE = "star-wars-planets-ios/Resources/Info.plist";
				INFOPLIST_KEY_UIApplicationSupportsIndirectInputEvents = YES;
				INFOPLIST_KEY_UILaunchStoryboardName = LaunchScreen;
				INFOPLIST_KEY_UIMainStoryboardFile = Main;
				INFOPLIST_KEY_UISupportedInterfaceOrientations_iPad = "UIInterfaceOrientationPortrait UIInterfaceOrientationPortraitUpsideDown UIInterfaceOrientationLandscapeLeft UIInterfaceOrientationLandscapeRight";
				INFOPLIST_KEY_UISupportedInterfaceOrientations_iPhone = "UIInterfaceOrientationPortrait UIInterfaceOrientationLandscapeLeft UIInterfaceOrientationLandscapeRight";
				LD_RUNPATH_SEARCH_PATHS = (
					"$(inherited)",
					"@executable_path/Frameworks",
				);
				MARKETING_VERSION = 1.0;
				PRODUCT_BUNDLE_IDENTIFIER = "com.sachithamh.star-wars-planets-ios";
				PRODUCT_NAME = "$(TARGET_NAME)";
				SERVER_URL = "https://swapi.dev/api/";
				SWIFT_EMIT_LOC_STRINGS = YES;
				SWIFT_VERSION = 5.0;
				TARGETED_DEVICE_FAMILY = "1,2";
			};
			name = Release;
		};
		BF8D2CB3291C937F00CE8D1B /* Debug */ = {
			isa = XCBuildConfiguration;
			buildSettings = {
				ALWAYS_EMBED_SWIFT_STANDARD_LIBRARIES = YES;
				BUNDLE_LOADER = "$(TEST_HOST)";
				CODE_SIGN_STYLE = Automatic;
				CURRENT_PROJECT_VERSION = 1;
				DEVELOPMENT_TEAM = K7Z4K4DMX2;
				GENERATE_INFOPLIST_FILE = YES;
				IPHONEOS_DEPLOYMENT_TARGET = 15.5;
				MARKETING_VERSION = 1.0;
				PRODUCT_BUNDLE_IDENTIFIER = "com.sachithamh.star-wars-planets-iosTests";
				PRODUCT_NAME = "$(TARGET_NAME)";
				SWIFT_EMIT_LOC_STRINGS = NO;
				SWIFT_VERSION = 5.0;
				TARGETED_DEVICE_FAMILY = "1,2";
				TEST_HOST = "$(BUILT_PRODUCTS_DIR)/star-wars-planets-ios.app/star-wars-planets-ios";
			};
			name = Debug;
		};
		BF8D2CB4291C937F00CE8D1B /* Release */ = {
			isa = XCBuildConfiguration;
			buildSettings = {
				ALWAYS_EMBED_SWIFT_STANDARD_LIBRARIES = YES;
				BUNDLE_LOADER = "$(TEST_HOST)";
				CODE_SIGN_STYLE = Automatic;
				CURRENT_PROJECT_VERSION = 1;
				DEVELOPMENT_TEAM = K7Z4K4DMX2;
				GENERATE_INFOPLIST_FILE = YES;
				IPHONEOS_DEPLOYMENT_TARGET = 15.5;
				MARKETING_VERSION = 1.0;
				PRODUCT_BUNDLE_IDENTIFIER = "com.sachithamh.star-wars-planets-iosTests";
				PRODUCT_NAME = "$(TARGET_NAME)";
				SWIFT_EMIT_LOC_STRINGS = NO;
				SWIFT_VERSION = 5.0;
				TARGETED_DEVICE_FAMILY = "1,2";
				TEST_HOST = "$(BUILT_PRODUCTS_DIR)/star-wars-planets-ios.app/star-wars-planets-ios";
			};
			name = Release;
		};
		BF8D2CB6291C937F00CE8D1B /* Debug */ = {
			isa = XCBuildConfiguration;
			buildSettings = {
				ALWAYS_EMBED_SWIFT_STANDARD_LIBRARIES = YES;
				CODE_SIGN_STYLE = Automatic;
				CURRENT_PROJECT_VERSION = 1;
				DEVELOPMENT_TEAM = K7Z4K4DMX2;
				GENERATE_INFOPLIST_FILE = YES;
				MARKETING_VERSION = 1.0;
				PRODUCT_BUNDLE_IDENTIFIER = "com.sachithamh.star-wars-planets-iosUITests";
				PRODUCT_NAME = "$(TARGET_NAME)";
				SWIFT_EMIT_LOC_STRINGS = NO;
				SWIFT_VERSION = 5.0;
				TARGETED_DEVICE_FAMILY = "1,2";
				TEST_TARGET_NAME = "star-wars-planets-ios";
			};
			name = Debug;
		};
		BF8D2CB7291C937F00CE8D1B /* Release */ = {
			isa = XCBuildConfiguration;
			buildSettings = {
				ALWAYS_EMBED_SWIFT_STANDARD_LIBRARIES = YES;
				CODE_SIGN_STYLE = Automatic;
				CURRENT_PROJECT_VERSION = 1;
				DEVELOPMENT_TEAM = K7Z4K4DMX2;
				GENERATE_INFOPLIST_FILE = YES;
				MARKETING_VERSION = 1.0;
				PRODUCT_BUNDLE_IDENTIFIER = "com.sachithamh.star-wars-planets-iosUITests";
				PRODUCT_NAME = "$(TARGET_NAME)";
				SWIFT_EMIT_LOC_STRINGS = NO;
				SWIFT_VERSION = 5.0;
				TARGETED_DEVICE_FAMILY = "1,2";
				TEST_TARGET_NAME = "star-wars-planets-ios";
			};
			name = Release;
		};
/* End XCBuildConfiguration section */

/* Begin XCConfigurationList section */
		BF8D2C7D291C937D00CE8D1B /* Build configuration list for PBXProject "star-wars-planets-ios" */ = {
			isa = XCConfigurationList;
			buildConfigurations = (
				BF8D2CAD291C937F00CE8D1B /* Debug */,
				BF8D2CAE291C937F00CE8D1B /* Release */,
			);
			defaultConfigurationIsVisible = 0;
			defaultConfigurationName = Release;
		};
		BF8D2CAF291C937F00CE8D1B /* Build configuration list for PBXNativeTarget "star-wars-planets-ios" */ = {
			isa = XCConfigurationList;
			buildConfigurations = (
				BF8D2CB0291C937F00CE8D1B /* Debug */,
				BF8D2CB1291C937F00CE8D1B /* Release */,
			);
			defaultConfigurationIsVisible = 0;
			defaultConfigurationName = Release;
		};
		BF8D2CB2291C937F00CE8D1B /* Build configuration list for PBXNativeTarget "star-wars-planets-iosTests" */ = {
			isa = XCConfigurationList;
			buildConfigurations = (
				BF8D2CB3291C937F00CE8D1B /* Debug */,
				BF8D2CB4291C937F00CE8D1B /* Release */,
			);
			defaultConfigurationIsVisible = 0;
			defaultConfigurationName = Release;
		};
		BF8D2CB5291C937F00CE8D1B /* Build configuration list for PBXNativeTarget "star-wars-planets-iosUITests" */ = {
			isa = XCConfigurationList;
			buildConfigurations = (
				BF8D2CB6291C937F00CE8D1B /* Debug */,
				BF8D2CB7291C937F00CE8D1B /* Release */,
			);
			defaultConfigurationIsVisible = 0;
			defaultConfigurationName = Release;
		};
/* End XCConfigurationList section */

/* Begin XCRemoteSwiftPackageReference section */
		BF27EE14291CAB820062F250 /* XCRemoteSwiftPackageReference "Alamofire" */ = {
			isa = XCRemoteSwiftPackageReference;
			repositoryURL = "https://github.com/Alamofire/Alamofire.git";
			requirement = {
				branch = master;
				kind = branch;
			};
		};
		BF27EE17291CABBD0062F250 /* XCRemoteSwiftPackageReference "RxSwift" */ = {
			isa = XCRemoteSwiftPackageReference;
			repositoryURL = "https://github.com/ReactiveX/RxSwift.git";
			requirement = {
				branch = main;
				kind = branch;
			};
		};
/* End XCRemoteSwiftPackageReference section */

/* Begin XCSwiftPackageProductDependency section */
		BF27EE15291CAB820062F250 /* Alamofire */ = {
			isa = XCSwiftPackageProductDependency;
			package = BF27EE14291CAB820062F250 /* XCRemoteSwiftPackageReference "Alamofire" */;
			productName = Alamofire;
		};
		BF27EE18291CABBD0062F250 /* RxBlocking */ = {
			isa = XCSwiftPackageProductDependency;
			package = BF27EE17291CABBD0062F250 /* XCRemoteSwiftPackageReference "RxSwift" */;
			productName = RxBlocking;
		};
		BF27EE1A291CABBE0062F250 /* RxCocoa */ = {
			isa = XCSwiftPackageProductDependency;
			package = BF27EE17291CABBD0062F250 /* XCRemoteSwiftPackageReference "RxSwift" */;
			productName = RxCocoa;
		};
		BF27EE1C291CABBE0062F250 /* RxRelay */ = {
			isa = XCSwiftPackageProductDependency;
			package = BF27EE17291CABBD0062F250 /* XCRemoteSwiftPackageReference "RxSwift" */;
			productName = RxRelay;
		};
		BF27EE1E291CABBE0062F250 /* RxSwift */ = {
			isa = XCSwiftPackageProductDependency;
			package = BF27EE17291CABBD0062F250 /* XCRemoteSwiftPackageReference "RxSwift" */;
			productName = RxSwift;
		};
/* End XCSwiftPackageProductDependency section */

/* Begin XCVersionGroup section */
		BF8D2C8E291C937D00CE8D1B /* star_wars_planets_ios.xcdatamodeld */ = {
			isa = XCVersionGroup;
			children = (
				BF8D2C8F291C937D00CE8D1B /* star_wars_planets_ios.xcdatamodel */,
			);
			currentVersion = BF8D2C8F291C937D00CE8D1B /* star_wars_planets_ios.xcdatamodel */;
			path = star_wars_planets_ios.xcdatamodeld;
			sourceTree = "<group>";
			versionGroupType = wrapper.xcdatamodel;
		};
/* End XCVersionGroup section */
	};
	rootObject = BF8D2C7A291C937D00CE8D1B /* Project object */;
}
